
Microsoft Visual Studio Solution File, Format Version 12.00
# Visual Studio Version 16
VisualStudioVersion = 16.0.32428.217
MinimumVisualStudioVersion = 10.0.40219.1
Project("{FAE04EC0-301F-11D3-BF4B-00C04F79EFBC}") = "testCmd", "testCmd.csproj", "{6319C696-2DB1-4018-BC21-1EB6D85ECA92}"
EndProject
Global
	GlobalSection(SolutionConfigurationPlatforms) = preSolution
		Debug|Any CPU = Debug|Any CPU
		Release|Any CPU = Release|Any CPU
	EndGlobalSection
	GlobalSection(ProjectConfigurationPlatforms) = postSolution
		{6319C696-2DB1-4018-BC21-1EB6D85ECA92}.Debug|Any CPU.ActiveCfg = Debug|Any CPU
		{6319C696-2DB1-4018-BC21-1EB6D85ECA92}.Debug|Any CPU.Build.0 = Debug|Any CPU
		{6319C696-2DB1-4018-BC21-1EB6D85ECA92}.Release|Any CPU.ActiveCfg = Release|Any CPU
		{6319C696-2DB1-4018-BC21-1EB6D85ECA92}.Release|Any CPU.Build.0 = Release|Any CPU
	EndGlobalSection
	GlobalSection(SolutionProperties) = preSolution
		HideSolutionNode = FALSE
	EndGlobalSection
	GlobalSection(ExtensibilityGlobals) = postSolution
		SolutionGuid = {4BADFC9B-B9DC-43D5-8895-287657CB9B27}
	EndGlobalSection
EndGlobal
